// !$*UTF8*$!
{
	archiveVersion = 1;
	classes = {
	};
	objectVersion = 46;
	objects = {

/* Begin PBXBuildFile section */
		7C0B4DA81BE406C7003CBE69 /* transparent-new-egret.png in Resources */ = {isa = PBXBuildFile; fileRef = 7C0B4DA61BE406C7003CBE69 /* transparent-new-egret.png */; };
		7C0B4DA91BE406C7003CBE69 /* transparent-new-osprey.png in Resources */ = {isa = PBXBuildFile; fileRef = 7C0B4DA71BE406C7003CBE69 /* transparent-new-osprey.png */; };
		7CE5B5691A66CDA400F46AAE /* main.m in Sources */ = {isa = PBXBuildFile; fileRef = 7CE5B5681A66CDA400F46AAE /* main.m */; };
		7CE5B5771A66CDA400F46AAE /* Main.storyboard in Resources */ = {isa = PBXBuildFile; fileRef = 7CE5B5751A66CDA400F46AAE /* Main.storyboard */; };
		7CE5B5791A66CDA400F46AAE /* Images.xcassets in Resources */ = {isa = PBXBuildFile; fileRef = 7CE5B5781A66CDA400F46AAE /* Images.xcassets */; };
		7CE5B57C1A66CDA400F46AAE /* LaunchScreen.xib in Resources */ = {isa = PBXBuildFile; fileRef = 7CE5B57A1A66CDA400F46AAE /* LaunchScreen.xib */; };
		7CE5B5881A66CDA500F46AAE /* GestureRecognizerFunTests.m in Sources */ = {isa = PBXBuildFile; fileRef = 7CE5B5871A66CDA500F46AAE /* GestureRecognizerFunTests.m */; };
		7CE5B5A41A66CE3200F46AAE /* AppDelegate.m in Sources */ = {isa = PBXBuildFile; fileRef = 7CE5B5921A66CE3200F46AAE /* AppDelegate.m */; };
		7CE5B5A51A66CE3200F46AAE /* bokeh.png in Resources */ = {isa = PBXBuildFile; fileRef = 7CE5B5931A66CE3200F46AAE /* bokeh.png */; };
		7CE5B5A61A66CE3200F46AAE /* GameScene.m in Sources */ = {isa = PBXBuildFile; fileRef = 7CE5B5951A66CE3200F46AAE /* GameScene.m */; };
		7CE5B5A71A66CE3200F46AAE /* GameScene.sks in Resources */ = {isa = PBXBuildFile; fileRef = 7CE5B5961A66CE3200F46AAE /* GameScene.sks */; };
		7CE5B5A81A66CE3200F46AAE /* GameViewController.m in Sources */ = {isa = PBXBuildFile; fileRef = 7CE5B5981A66CE3200F46AAE /* GameViewController.m */; };
		7CE5B5A91A66CE3200F46AAE /* my Ospreys.sks in Resources */ = {isa = PBXBuildFile; fileRef = 7CE5B5991A66CE3200F46AAE /* my Ospreys.sks */; };
		7CE5B5AA1A66CE3200F46AAE /* myBokehParticle.sks in Resources */ = {isa = PBXBuildFile; fileRef = 7CE5B59A1A66CE3200F46AAE /* myBokehParticle.sks */; };
		7CE5B5AB1A66CE3200F46AAE /* myClimbingOspreys.sks in Resources */ = {isa = PBXBuildFile; fileRef = 7CE5B59B1A66CE3200F46AAE /* myClimbingOspreys.sks */; };
		7CE5B5AC1A66CE3200F46AAE /* myEgretParticle.sks in Resources */ = {isa = PBXBuildFile; fileRef = 7CE5B59C1A66CE3200F46AAE /* myEgretParticle.sks */; };
		7CE5B5AD1A66CE3200F46AAE /* mySmoke.sks in Resources */ = {isa = PBXBuildFile; fileRef = 7CE5B59D1A66CE3200F46AAE /* mySmoke.sks */; };
		7CE5B5AE1A66CE3200F46AAE /* mySnow.sks in Resources */ = {isa = PBXBuildFile; fileRef = 7CE5B59E1A66CE3200F46AAE /* mySnow.sks */; };
		7CE5B5AF1A66CE3200F46AAE /* rz DARK egret with alpha.png in Resources */ = {isa = PBXBuildFile; fileRef = 7CE5B59F1A66CE3200F46AAE /* rz DARK egret with alpha.png */; };
		7CE5B5B01A66CE3200F46AAE /* rz egret with alpha.png in Resources */ = {isa = PBXBuildFile; fileRef = 7CE5B5A01A66CE3200F46AAE /* rz egret with alpha.png */; };
		7CE5B5B11A66CE3200F46AAE /* rz Osprey Photo with Alpha.png in Resources */ = {isa = PBXBuildFile; fileRef = 7CE5B5A11A66CE3200F46AAE /* rz Osprey Photo with Alpha.png */; };
		7CE5B5B21A66CE3200F46AAE /* spark.png in Resources */ = {isa = PBXBuildFile; fileRef = 7CE5B5A21A66CE3200F46AAE /* spark.png */; };
		7CE5B5B31A66CE3200F46AAE /* sun.png in Resources */ = {isa = PBXBuildFile; fileRef = 7CE5B5A31A66CE3200F46AAE /* sun.png */; };
/* End PBXBuildFile section */

/* Begin PBXContainerItemProxy section */
		7CE5B5821A66CDA500F46AAE /* PBXContainerItemProxy */ = {
			isa = PBXContainerItemProxy;
			containerPortal = 7CE5B55B1A66CDA400F46AAE /* Project object */;
			proxyType = 1;
			remoteGlobalIDString = 7CE5B5621A66CDA400F46AAE;
			remoteInfo = GestureRecognizerFun;
		};
/* End PBXContainerItemProxy section */

/* Begin PBXFileReference section */
		7C0B4DA61BE406C7003CBE69 /* transparent-new-egret.png */ = {isa = PBXFileReference; lastKnownFileType = image.png; path = "transparent-new-egret.png"; sourceTree = "<group>"; };
		7C0B4DA71BE406C7003CBE69 /* transparent-new-osprey.png */ = {isa = PBXFileReference; lastKnownFileType = image.png; path = "transparent-new-osprey.png"; sourceTree = "<group>"; };
		7CE5B5631A66CDA400F46AAE /* GestureRecognizerFun.app */ = {isa = PBXFileReference; explicitFileType = wrapper.application; includeInIndex = 0; path = GestureRecognizerFun.app; sourceTree = BUILT_PRODUCTS_DIR; };
		7CE5B5671A66CDA400F46AAE /* Info.plist */ = {isa = PBXFileReference; lastKnownFileType = text.plist.xml; path = Info.plist; sourceTree = "<group>"; };
		7CE5B5681A66CDA400F46AAE /* main.m */ = {isa = PBXFileReference; lastKnownFileType = sourcecode.c.objc; path = main.m; sourceTree = "<group>"; };
		7CE5B5761A66CDA400F46AAE /* Base */ = {isa = PBXFileReference; lastKnownFileType = file.storyboard; name = Base; path = Base.lproj/Main.storyboard; sourceTree = "<group>"; };
		7CE5B5781A66CDA400F46AAE /* Images.xcassets */ = {isa = PBXFileReference; lastKnownFileType = folder.assetcatalog; path = Images.xcassets; sourceTree = "<group>"; };
		7CE5B57B1A66CDA400F46AAE /* Base */ = {isa = PBXFileReference; lastKnownFileType = file.xib; name = Base; path = Base.lproj/LaunchScreen.xib; sourceTree = "<group>"; };
		7CE5B5811A66CDA500F46AAE /* GestureRecognizerFunTests.xctest */ = {isa = PBXFileReference; explicitFileType = wrapper.cfbundle; includeInIndex = 0; path = GestureRecognizerFunTests.xctest; sourceTree = BUILT_PRODUCTS_DIR; };
		7CE5B5861A66CDA500F46AAE /* Info.plist */ = {isa = PBXFileReference; lastKnownFileType = text.plist.xml; path = Info.plist; sourceTree = "<group>"; };
		7CE5B5871A66CDA500F46AAE /* GestureRecognizerFunTests.m */ = {isa = PBXFileReference; lastKnownFileType = sourcecode.c.objc; path = GestureRecognizerFunTests.m; sourceTree = "<group>"; };
		7CE5B5911A66CE3200F46AAE /* AppDelegate.h */ = {isa = PBXFileReference; fileEncoding = 4; lastKnownFileType = sourcecode.c.h; path = AppDelegate.h; sourceTree = "<group>"; };
		7CE5B5921A66CE3200F46AAE /* AppDelegate.m */ = {isa = PBXFileReference; fileEncoding = 4; lastKnownFileType = sourcecode.c.objc; path = AppDelegate.m; sourceTree = "<group>"; };
		7CE5B5931A66CE3200F46AAE /* bokeh.png */ = {isa = PBXFileReference; lastKnownFileType = image.png; name = bokeh.png; path = ../bokeh.png; sourceTree = "<group>"; };
		7CE5B5941A66CE3200F46AAE /* GameScene.h */ = {isa = PBXFileReference; fileEncoding = 4; lastKnownFileType = sourcecode.c.h; path = GameScene.h; sourceTree = "<group>"; };
		7CE5B5951A66CE3200F46AAE /* GameScene.m */ = {isa = PBXFileReference; fileEncoding = 4; lastKnownFileType = sourcecode.c.objc; path = GameScene.m; sourceTree = "<group>"; };
		7CE5B5961A66CE3200F46AAE /* GameScene.sks */ = {isa = PBXFileReference; lastKnownFileType = file.sks; path = GameScene.sks; sourceTree = "<group>"; };
		7CE5B5971A66CE3200F46AAE /* GameViewController.h */ = {isa = PBXFileReference; fileEncoding = 4; lastKnownFileType = sourcecode.c.h; path = GameViewController.h; sourceTree = "<group>"; };
		7CE5B5981A66CE3200F46AAE /* GameViewController.m */ = {isa = PBXFileReference; fileEncoding = 4; lastKnownFileType = sourcecode.c.objc; path = GameViewController.m; sourceTree = "<group>"; };
		7CE5B5991A66CE3200F46AAE /* my Ospreys.sks */ = {isa = PBXFileReference; lastKnownFileType = file.sks; path = "my Ospreys.sks"; sourceTree = "<group>"; };
		7CE5B59A1A66CE3200F46AAE /* myBokehParticle.sks */ = {isa = PBXFileReference; lastKnownFileType = file.sks; path = myBokehParticle.sks; sourceTree = "<group>"; };
		7CE5B59B1A66CE3200F46AAE /* myClimbingOspreys.sks */ = {isa = PBXFileReference; lastKnownFileType = file.sks; path = myClimbingOspreys.sks; sourceTree = "<group>"; };
		7CE5B59C1A66CE3200F46AAE /* myEgretParticle.sks */ = {isa = PBXFileReference; lastKnownFileType = file.sks; path = myEgretParticle.sks; sourceTree = "<group>"; };
		7CE5B59D1A66CE3200F46AAE /* mySmoke.sks */ = {isa = PBXFileReference; lastKnownFileType = file.sks; path = mySmoke.sks; sourceTree = "<group>"; };
		7CE5B59E1A66CE3200F46AAE /* mySnow.sks */ = {isa = PBXFileReference; lastKnownFileType = file.sks; path = mySnow.sks; sourceTree = "<group>"; };
		7CE5B59F1A66CE3200F46AAE /* rz DARK egret with alpha.png */ = {isa = PBXFileReference; lastKnownFileType = image.png; name = "rz DARK egret with alpha.png"; path = "../rz DARK egret with alpha.png"; sourceTree = "<group>"; };
		7CE5B5A01A66CE3200F46AAE /* rz egret with alpha.png */ = {isa = PBXFileReference; lastKnownFileType = image.png; name = "rz egret with alpha.png"; path = "../rz egret with alpha.png"; sourceTree = "<group>"; };
		7CE5B5A11A66CE3200F46AAE /* rz Osprey Photo with Alpha.png */ = {isa = PBXFileReference; lastKnownFileType = image.png; name = "rz Osprey Photo with Alpha.png"; path = "../rz Osprey Photo with Alpha.png"; sourceTree = "<group>"; };
		7CE5B5A21A66CE3200F46AAE /* spark.png */ = {isa = PBXFileReference; lastKnownFileType = image.png; name = spark.png; path = ../spark.png; sourceTree = "<group>"; };
		7CE5B5A31A66CE3200F46AAE /* sun.png */ = {isa = PBXFileReference; lastKnownFileType = image.png; name = sun.png; path = ../sun.png; sourceTree = "<group>"; };
/* End PBXFileReference section */

/* Begin PBXFrameworksBuildPhase section */
		7CE5B5601A66CDA400F46AAE /* Frameworks */ = {
			isa = PBXFrameworksBuildPhase;
			buildActionMask = 2147483647;
			files = (
			);
			runOnlyForDeploymentPostprocessing = 0;
		};
		7CE5B57E1A66CDA500F46AAE /* Frameworks */ = {
			isa = PBXFrameworksBuildPhase;
			buildActionMask = 2147483647;
			files = (
			);
			runOnlyForDeploymentPostprocessing = 0;
		};
/* End PBXFrameworksBuildPhase section */

/* Begin PBXGroup section */
		7CE5B55A1A66CDA400F46AAE = {
			isa = PBXGroup;
			children = (
				7CE5B5911A66CE3200F46AAE /* AppDelegate.h */,
				7CE5B5921A66CE3200F46AAE /* AppDelegate.m */,
				7CE5B5941A66CE3200F46AAE /* GameScene.h */,
				7CE5B5951A66CE3200F46AAE /* GameScene.m */,
				7CE5B5961A66CE3200F46AAE /* GameScene.sks */,
				7CE5B5971A66CE3200F46AAE /* GameViewController.h */,
				7CE5B5981A66CE3200F46AAE /* GameViewController.m */,
				7CE5B5991A66CE3200F46AAE /* my Ospreys.sks */,
				7CE5B59A1A66CE3200F46AAE /* myBokehParticle.sks */,
				7CE5B59B1A66CE3200F46AAE /* myClimbingOspreys.sks */,
				7CE5B59C1A66CE3200F46AAE /* myEgretParticle.sks */,
				7CE5B59D1A66CE3200F46AAE /* mySmoke.sks */,
				7CE5B59E1A66CE3200F46AAE /* mySnow.sks */,
				7CE5B5651A66CDA400F46AAE /* GestureRecognizerFun */,
				7CE5B5841A66CDA500F46AAE /* GestureRecognizerFunTests */,
				7CE5B5641A66CDA400F46AAE /* Products */,
			);
			sourceTree = "<group>";
		};
		7CE5B5641A66CDA400F46AAE /* Products */ = {
			isa = PBXGroup;
			children = (
				7CE5B5631A66CDA400F46AAE /* GestureRecognizerFun.app */,
				7CE5B5811A66CDA500F46AAE /* GestureRecognizerFunTests.xctest */,
			);
			name = Products;
			sourceTree = "<group>";
		};
		7CE5B5651A66CDA400F46AAE /* GestureRecognizerFun */ = {
			isa = PBXGroup;
			children = (
				7CE5B5751A66CDA400F46AAE /* Main.storyboard */,
				7CE5B5781A66CDA400F46AAE /* Images.xcassets */,
				7CE5B57A1A66CDA400F46AAE /* LaunchScreen.xib */,
				7CE5B5661A66CDA400F46AAE /* Supporting Files */,
			);
			path = GestureRecognizerFun;
			sourceTree = "<group>";
		};
		7CE5B5661A66CDA400F46AAE /* Supporting Files */ = {
			isa = PBXGroup;
			children = (
				7CE5B5931A66CE3200F46AAE /* bokeh.png */,
				7CE5B59F1A66CE3200F46AAE /* rz DARK egret with alpha.png */,
				7CE5B5A01A66CE3200F46AAE /* rz egret with alpha.png */,
				7CE5B5A11A66CE3200F46AAE /* rz Osprey Photo with Alpha.png */,
				7CE5B5A21A66CE3200F46AAE /* spark.png */,
				7CE5B5A31A66CE3200F46AAE /* sun.png */,
				7CE5B5671A66CDA400F46AAE /* Info.plist */,
				7CE5B5681A66CDA400F46AAE /* main.m */,
				7C0B4DA61BE406C7003CBE69 /* transparent-new-egret.png */,
				7C0B4DA71BE406C7003CBE69 /* transparent-new-osprey.png */,
			);
			name = "Supporting Files";
			sourceTree = "<group>";
		};
		7CE5B5841A66CDA500F46AAE /* GestureRecognizerFunTests */ = {
			isa = PBXGroup;
			children = (
				7CE5B5871A66CDA500F46AAE /* GestureRecognizerFunTests.m */,
				7CE5B5851A66CDA500F46AAE /* Supporting Files */,
			);
			path = GestureRecognizerFunTests;
			sourceTree = "<group>";
		};
		7CE5B5851A66CDA500F46AAE /* Supporting Files */ = {
			isa = PBXGroup;
			children = (
				7CE5B5861A66CDA500F46AAE /* Info.plist */,
			);
			name = "Supporting Files";
			sourceTree = "<group>";
		};
/* End PBXGroup section */

/* Begin PBXNativeTarget section */
		7CE5B5621A66CDA400F46AAE /* GestureRecognizerFun */ = {
			isa = PBXNativeTarget;
			buildConfigurationList = 7CE5B58B1A66CDA500F46AAE /* Build configuration list for PBXNativeTarget "GestureRecognizerFun" */;
			buildPhases = (
				7CE5B55F1A66CDA400F46AAE /* Sources */,
				7CE5B5601A66CDA400F46AAE /* Frameworks */,
				7CE5B5611A66CDA400F46AAE /* Resources */,
			);
			buildRules = (
			);
			dependencies = (
			);
			name = GestureRecognizerFun;
			productName = GestureRecognizerFun;
			productReference = 7CE5B5631A66CDA400F46AAE /* GestureRecognizerFun.app */;
			productType = "com.apple.product-type.application";
		};
		7CE5B5801A66CDA500F46AAE /* GestureRecognizerFunTests */ = {
			isa = PBXNativeTarget;
			buildConfigurationList = 7CE5B58E1A66CDA500F46AAE /* Build configuration list for PBXNativeTarget "GestureRecognizerFunTests" */;
			buildPhases = (
				7CE5B57D1A66CDA500F46AAE /* Sources */,
				7CE5B57E1A66CDA500F46AAE /* Frameworks */,
				7CE5B57F1A66CDA500F46AAE /* Resources */,
			);
			buildRules = (
			);
			dependencies = (
				7CE5B5831A66CDA500F46AAE /* PBXTargetDependency */,
			);
			name = GestureRecognizerFunTests;
			productName = GestureRecognizerFunTests;
			productReference = 7CE5B5811A66CDA500F46AAE /* GestureRecognizerFunTests.xctest */;
			productType = "com.apple.product-type.bundle.unit-test";
		};
/* End PBXNativeTarget section */

/* Begin PBXProject section */
		7CE5B55B1A66CDA400F46AAE /* Project object */ = {
			isa = PBXProject;
			attributes = {
				LastUpgradeCheck = 1230;
				ORGANIZATIONNAME = "Robert Zimmelman";
				TargetAttributes = {
					7CE5B5621A66CDA400F46AAE = {
						CreatedOnToolsVersion = 6.1.1;
					};
					7CE5B5801A66CDA500F46AAE = {
						CreatedOnToolsVersion = 6.1.1;
						TestTargetID = 7CE5B5621A66CDA400F46AAE;
					};
				};
			};
			buildConfigurationList = 7CE5B55E1A66CDA400F46AAE /* Build configuration list for PBXProject "GestureRecognizerFun" */;
			compatibilityVersion = "Xcode 3.2";
			developmentRegion = en;
			hasScannedForEncodings = 0;
			knownRegions = (
				en,
				Base,
			);
			mainGroup = 7CE5B55A1A66CDA400F46AAE;
			productRefGroup = 7CE5B5641A66CDA400F46AAE /* Products */;
			projectDirPath = "";
			projectRoot = "";
			targets = (
				7CE5B5621A66CDA400F46AAE /* GestureRecognizerFun */,
				7CE5B5801A66CDA500F46AAE /* GestureRecognizerFunTests */,
			);
		};
/* End PBXProject section */

/* Begin PBXResourcesBuildPhase section */
		7CE5B5611A66CDA400F46AAE /* Resources */ = {
			isa = PBXResourcesBuildPhase;
			buildActionMask = 2147483647;
			files = (
				7CE5B5B31A66CE3200F46AAE /* sun.png in Resources */,
				7C0B4DA91BE406C7003CBE69 /* transparent-new-osprey.png in Resources */,
				7CE5B57C1A66CDA400F46AAE /* LaunchScreen.xib in Resources */,
				7CE5B5A71A66CE3200F46AAE /* GameScene.sks in Resources */,
				7CE5B5AA1A66CE3200F46AAE /* myBokehParticle.sks in Resources */,
				7CE5B5B11A66CE3200F46AAE /* rz Osprey Photo with Alpha.png in Resources */,
				7C0B4DA81BE406C7003CBE69 /* transparent-new-egret.png in Resources */,
				7CE5B5A51A66CE3200F46AAE /* bokeh.png in Resources */,
				7CE5B5AB1A66CE3200F46AAE /* myClimbingOspreys.sks in Resources */,
				7CE5B5AD1A66CE3200F46AAE /* mySmoke.sks in Resources */,
				7CE5B5AF1A66CE3200F46AAE /* rz DARK egret with alpha.png in Resources */,
				7CE5B5791A66CDA400F46AAE /* Images.xcassets in Resources */,
				7CE5B5AC1A66CE3200F46AAE /* myEgretParticle.sks in Resources */,
				7CE5B5B21A66CE3200F46AAE /* spark.png in Resources */,
				7CE5B5B01A66CE3200F46AAE /* rz egret with alpha.png in Resources */,
				7CE5B5A91A66CE3200F46AAE /* my Ospreys.sks in Resources */,
				7CE5B5771A66CDA400F46AAE /* Main.storyboard in Resources */,
				7CE5B5AE1A66CE3200F46AAE /* mySnow.sks in Resources */,
			);
			runOnlyForDeploymentPostprocessing = 0;
		};
		7CE5B57F1A66CDA500F46AAE /* Resources */ = {
			isa = PBXResourcesBuildPhase;
			buildActionMask = 2147483647;
			files = (
			);
			runOnlyForDeploymentPostprocessing = 0;
		};
/* End PBXResourcesBuildPhase section */

/* Begin PBXSourcesBuildPhase section */
		7CE5B55F1A66CDA400F46AAE /* Sources */ = {
			isa = PBXSourcesBuildPhase;
			buildActionMask = 2147483647;
			files = (
				7CE5B5A81A66CE3200F46AAE /* GameViewController.m in Sources */,
				7CE5B5A41A66CE3200F46AAE /* AppDelegate.m in Sources */,
				7CE5B5A61A66CE3200F46AAE /* GameScene.m in Sources */,
				7CE5B5691A66CDA400F46AAE /* main.m in Sources */,
			);
			runOnlyForDeploymentPostprocessing = 0;
		};
		7CE5B57D1A66CDA500F46AAE /* Sources */ = {
			isa = PBXSourcesBuildPhase;
			buildActionMask = 2147483647;
			files = (
				7CE5B5881A66CDA500F46AAE /* GestureRecognizerFunTests.m in Sources */,
			);
			runOnlyForDeploymentPostprocessing = 0;
		};
/* End PBXSourcesBuildPhase section */

/* Begin PBXTargetDependency section */
		7CE5B5831A66CDA500F46AAE /* PBXTargetDependency */ = {
			isa = PBXTargetDependency;
			target = 7CE5B5621A66CDA400F46AAE /* GestureRecognizerFun */;
			targetProxy = 7CE5B5821A66CDA500F46AAE /* PBXContainerItemProxy */;
		};
/* End PBXTargetDependency section */

/* Begin PBXVariantGroup section */
		7CE5B5751A66CDA400F46AAE /* Main.storyboard */ = {
			isa = PBXVariantGroup;
			children = (
				7CE5B5761A66CDA400F46AAE /* Base */,
			);
			name = Main.storyboard;
			sourceTree = "<group>";
		};
		7CE5B57A1A66CDA400F46AAE /* LaunchScreen.xib */ = {
			isa = PBXVariantGroup;
			children = (
				7CE5B57B1A66CDA400F46AAE /* Base */,
			);
			name = LaunchScreen.xib;
			sourceTree = "<group>";
		};
/* End PBXVariantGroup section */

/* Begin XCBuildConfiguration section */
		7CE5B5891A66CDA500F46AAE /* Debug */ = {
			isa = XCBuildConfiguration;
			buildSettings = {
				ALWAYS_SEARCH_USER_PATHS = NO;
				CLANG_ANALYZER_LOCALIZABILITY_NONLOCALIZED = YES;
				CLANG_CXX_LANGUAGE_STANDARD = "gnu++0x";
				CLANG_CXX_LIBRARY = "libc++";
				CLANG_ENABLE_MODULES = YES;
				CLANG_ENABLE_OBJC_ARC = YES;
				CLANG_WARN_BLOCK_CAPTURE_AUTORELEASING = YES;
				CLANG_WARN_BOOL_CONVERSION = YES;
				CLANG_WARN_COMMA = YES;
				CLANG_WARN_CONSTANT_CONVERSION = YES;
				CLANG_WARN_DEPRECATED_OBJC_IMPLEMENTATIONS = YES;
				CLANG_WARN_DIRECT_OBJC_ISA_USAGE = YES_ERROR;
				CLANG_WARN_EMPTY_BODY = YES;
				CLANG_WARN_ENUM_CONVERSION = YES;
				CLANG_WARN_INFINITE_RECURSION = YES;
				CLANG_WARN_INT_CONVERSION = YES;
				CLANG_WARN_NON_LITERAL_NULL_CONVERSION = YES;
				CLANG_WARN_OBJC_IMPLICIT_RETAIN_SELF = YES;
				CLANG_WARN_OBJC_LITERAL_CONVERSION = YES;
				CLANG_WARN_OBJC_ROOT_CLASS = YES_ERROR;
				CLANG_WARN_QUOTED_INCLUDE_IN_FRAMEWORK_HEADER = YES;
				CLANG_WARN_RANGE_LOOP_ANALYSIS = YES;
				CLANG_WARN_STRICT_PROTOTYPES = YES;
				CLANG_WARN_SUSPICIOUS_MOVE = YES;
				CLANG_WARN_UNREACHABLE_CODE = YES;
				CLANG_WARN__DUPLICATE_METHOD_MATCH = YES;
				"CODE_SIGN_IDENTITY[sdk=iphoneos*]" = "iPhone Developer";
				COPY_PHASE_STRIP = NO;
				ENABLE_STRICT_OBJC_MSGSEND = YES;
				ENABLE_TESTABILITY = YES;
				GCC_C_LANGUAGE_STANDARD = gnu99;
				GCC_DYNAMIC_NO_PIC = NO;
				GCC_NO_COMMON_BLOCKS = YES;
				GCC_OPTIMIZATION_LEVEL = 0;
				GCC_PREPROCESSOR_DEFINITIONS = (
					"DEBUG=1",
					"$(inherited)",
				);
				GCC_SYMBOLS_PRIVATE_EXTERN = NO;
				GCC_WARN_64_TO_32_BIT_CONVERSION = YES;
				GCC_WARN_ABOUT_RETURN_TYPE = YES_ERROR;
				GCC_WARN_UNDECLARED_SELECTOR = YES;
				GCC_WARN_UNINITIALIZED_AUTOS = YES_AGGRESSIVE;
				GCC_WARN_UNUSED_FUNCTION = YES;
				GCC_WARN_UNUSED_VARIABLE = YES;
				IPHONEOS_DEPLOYMENT_TARGET = 12.0;
				MTL_ENABLE_DEBUG_INFO = YES;
				ONLY_ACTIVE_ARCH = YES;
				SDKROOT = iphoneos;
			};
			name = Debug;
		};
		7CE5B58A1A66CDA500F46AAE /* Release */ = {
			isa = XCBuildConfiguration;
			buildSettings = {
				ALWAYS_SEARCH_USER_PATHS = NO;
				CLANG_ANALYZER_LOCALIZABILITY_NONLOCALIZED = YES;
				CLANG_CXX_LANGUAGE_STANDARD = "gnu++0x";
				CLANG_CXX_LIBRARY = "libc++";
				CLANG_ENABLE_MODULES = YES;
				CLANG_ENABLE_OBJC_ARC = YES;
				CLANG_WARN_BLOCK_CAPTURE_AUTORELEASING = YES;
				CLANG_WARN_BOOL_CONVERSION = YES;
				CLANG_WARN_COMMA = YES;
				CLANG_WARN_CONSTANT_CONVERSION = YES;
				CLANG_WARN_DEPRECATED_OBJC_IMPLEMENTATIONS = YES;
				CLANG_WARN_DIRECT_OBJC_ISA_USAGE = YES_ERROR;
				CLANG_WARN_EMPTY_BODY = YES;
				CLANG_WARN_ENUM_CONVERSION = YES;
				CLANG_WARN_INFINITE_RECURSION = YES;
				CLANG_WARN_INT_CONVERSION = YES;
				CLANG_WARN_NON_LITERAL_NULL_CONVERSION = YES;
				CLANG_WARN_OBJC_IMPLICIT_RETAIN_SELF = YES;
				CLANG_WARN_OBJC_LITERAL_CONVERSION = YES;
				CLANG_WARN_OBJC_ROOT_CLASS = YES_ERROR;
				CLANG_WARN_QUOTED_INCLUDE_IN_FRAMEWORK_HEADER = YES;
				CLANG_WARN_RANGE_LOOP_ANALYSIS = YES;
				CLANG_WARN_STRICT_PROTOTYPES = YES;
				CLANG_WARN_SUSPICIOUS_MOVE = YES;
				CLANG_WARN_UNREACHABLE_CODE = YES;
				CLANG_WARN__DUPLICATE_METHOD_MATCH = YES;
				"CODE_SIGN_IDENTITY[sdk=iphoneos*]" = "iPhone Developer";
				COPY_PHASE_STRIP = YES;
				ENABLE_NS_ASSERTIONS = NO;
				ENABLE_STRICT_OBJC_MSGSEND = YES;
				GCC_C_LANGUAGE_STANDARD = gnu99;
				GCC_NO_COMMON_BLOCKS = YES;
				GCC_WARN_64_TO_32_BIT_CONVERSION = YES;
				GCC_WARN_ABOUT_RETURN_TYPE = YES_ERROR;
				GCC_WARN_UNDECLARED_SELECTOR = YES;
				GCC_WARN_UNINITIALIZED_AUTOS = YES_AGGRESSIVE;
				GCC_WARN_UNUSED_FUNCTION = YES;
				GCC_WARN_UNUSED_VARIABLE = YES;
				IPHONEOS_DEPLOYMENT_TARGET = 12.0;
				MTL_ENABLE_DEBUG_INFO = NO;
				SDKROOT = iphoneos;
				VALIDATE_PRODUCT = YES;
			};
			name = Release;
		};
		7CE5B58C1A66CDA500F46AAE /* Debug */ = {
			isa = XCBuildConfiguration;
			buildSettings = {
				ASSETCATALOG_COMPILER_APPICON_NAME = AppIcon;
				INFOPLIST_FILE = GestureRecognizerFun/Info.plist;
				LD_RUNPATH_SEARCH_PATHS = "$(inherited) @executable_path/Frameworks";
				PRODUCT_BUNDLE_IDENTIFIER = "org.zimmelman.$(PRODUCT_NAME:rfc1034identifier)";
				PRODUCT_NAME = "$(TARGET_NAME)";
				TARGETED_DEVICE_FAMILY = "1,2";
			};
			name = Debug;
		};
		7CE5B58D1A66CDA500F46AAE /* Release */ = {
			isa = XCBuildConfiguration;
			buildSettings = {
				ASSETCATALOG_COMPILER_APPICON_NAME = AppIcon;
				INFOPLIST_FILE = GestureRecognizerFun/Info.plist;
				LD_RUNPATH_SEARCH_PATHS = "$(inherited) @executable_path/Frameworks";
				PRODUCT_BUNDLE_IDENTIFIER = "org.zimmelman.$(PRODUCT_NAME:rfc1034identifier)";
				PRODUCT_NAME = "$(TARGET_NAME)";
				TARGETED_DEVICE_FAMILY = "1,2";
			};
			name = Release;
		};
		7CE5B58F1A66CDA500F46AAE /* Debug */ = {
			isa = XCBuildConfiguration;
			buildSettings = {
				BUNDLE_LOADER = "$(TEST_HOST)";
				FRAMEWORK_SEARCH_PATHS = (
					"$(SDKROOT)/Developer/Library/Frameworks",
					"$(inherited)",
				);
				GCC_PREPROCESSOR_DEFINITIONS = (
					"DEBUG=1",
					"$(inherited)",
				);
				INFOPLIST_FILE = GestureRecognizerFunTests/Info.plist;
				LD_RUNPATH_SEARCH_PATHS = "$(inherited) @executable_path/Frameworks @loader_path/Frameworks";
				PRODUCT_BUNDLE_IDENTIFIER = "org.zimmelman.$(PRODUCT_NAME:rfc1034identifier)";
				PRODUCT_NAME = "$(TARGET_NAME)";
				TEST_HOST = "$(BUILT_PRODUCTS_DIR)/GestureRecognizerFun.app/GestureRecognizerFun";
			};
			name = Debug;
		};
		7CE5B5901A66CDA500F46AAE /* Release */ = {
			isa = XCBuildConfiguration;
			buildSettings = {
				BUNDLE_LOADER = "$(TEST_HOST)";
				FRAMEWORK_SEARCH_PATHS = (
					"$(SDKROOT)/Developer/Library/Frameworks",
					"$(inherited)",
				);
				INFOPLIST_FILE = GestureRecognizerFunTests/Info.plist;
				LD_RUNPATH_SEARCH_PATHS = "$(inherited) @executable_path/Frameworks @loader_path/Frameworks";
				PRODUCT_BUNDLE_IDENTIFIER = "org.zimmelman.$(PRODUCT_NAME:rfc1034identifier)";
				PRODUCT_NAME = "$(TARGET_NAME)";
				TEST_HOST = "$(BUILT_PRODUCTS_DIR)/GestureRecognizerFun.app/GestureRecognizerFun";
			};
			name = Release;
		};
/* End XCBuildConfiguration section */

/* Begin XCConfigurationList section */
		7CE5B55E1A66CDA400F46AAE /* Build configuration list for PBXProject "GestureRecognizerFun" */ = {
			isa = XCConfigurationList;
			buildConfigurations = (
				7CE5B5891A66CDA500F46AAE /* Debug */,
				7CE5B58A1A66CDA500F46AAE /* Release */,
			);
			defaultConfigurationIsVisible = 0;
			defaultConfigurationName = Release;
		};
		7CE5B58B1A66CDA500F46AAE /* Build configuration list for PBXNativeTarget "GestureRecognizerFun" */ = {
			isa = XCConfigurationList;
			buildConfigurations = (
				7CE5B58C1A66CDA500F46AAE /* Debug */,
				7CE5B58D1A66CDA500F46AAE /* Release */,
			);
			defaultConfigurationIsVisible = 0;
			defaultConfigurationName = Release;
		};
		7CE5B58E1A66CDA500F46AAE /* Build configuration list for PBXNativeTarget "GestureRecognizerFunTests" */ = {
			isa = XCConfigurationList;
			buildConfigurations = (
				7CE5B58F1A66CDA500F46AAE /* Debug */,
				7CE5B5901A66CDA500F46AAE /* Release */,
			);
			defaultConfigurationIsVisible = 0;
			defaultConfigurationName = Release;
		};
/* End XCConfigurationList section */
	};
	rootObject = 7CE5B55B1A66CDA400F46AAE /* Project object */;
}
